
Microsoft Visual Studio Solution File, Format Version 10.00
# Visual Studio 2008
Project("{8BC9CEB8-8B4A-11D0-8D11-00A0C91BC942}") = "ScanDevice", "ScanDevice.vcproj", "{636EBC52-0918-4B3B-91D6-4DA77A0C428F}"
EndProject
Global
	GlobalSection(SolutionConfigurationPlatforms) = preSolution
		Debug|Win32 = Debug|Win32
		Release|Win32 = Release|Win32
	EndGlobalSection
	GlobalSection(ProjectConfigurationPlatforms) = postSolution
		{636EBC52-0918-4B3B-91D6-4DA77A0C428F}.Debug|Win32.ActiveCfg = Debug|Win32
		{636EBC52-0918-4B3B-91D6-4DA77A0C428F}.Debug|Win32.Build.0 = Debug|Win32
		{636EBC52-0918-4B3B-91D6-4DA77A0C428F}.Release|Win32.ActiveCfg = Release|Win32
		{636EBC52-0918-4B3B-91D6-4DA77A0C428F}.Release|Win32.Build.0 = Release|Win32
	EndGlobalSection
	GlobalSection(SolutionProperties) = preSolution
		HideSolutionNode = FALSE
	EndGlobalSection
EndGlobal
