
Microsoft Visual Studio Solution File, Format Version 10.00
# Visual Studio 2008
Project("{8BC9CEB8-8B4A-11D0-8D11-00A0C91BC942}") = "ReaderDemo", "ReaderDemo\ReaderDemo.vcproj", "{95363C64-E19F-4928-99E3-D29D4D28228A}"
EndProject
Global
	GlobalSection(SolutionConfigurationPlatforms) = preSolution
		Debug|Win32 = Debug|Win32
		Release|Win32 = Release|Win32
	EndGlobalSection
	GlobalSection(ProjectConfigurationPlatforms) = postSolution
		{95363C64-E19F-4928-99E3-D29D4D28228A}.Debug|Win32.ActiveCfg = Debug|Win32
		{95363C64-E19F-4928-99E3-D29D4D28228A}.Debug|Win32.Build.0 = Debug|Win32
		{95363C64-E19F-4928-99E3-D29D4D28228A}.Release|Win32.ActiveCfg = Release|Win32
		{95363C64-E19F-4928-99E3-D29D4D28228A}.Release|Win32.Build.0 = Release|Win32
	EndGlobalSection
	GlobalSection(SolutionProperties) = preSolution
		HideSolutionNode = FALSE
	EndGlobalSection
EndGlobal
