<?xml version="1.0" encoding="UTF-8" standalone="yes" ?>
<CodeBlocks_project_file>
	<FileVersion major="1" minor="6" />
	<Project>
		<Option title="HidDemo" />
		<Option pch_mode="2" />
		<Option compiler="gcc" />
		<Build>
			<Target title="Debug">
				<Option output="bin/Debug/HidDemo" prefix_auto="1" extension_auto="1" />
				<Option object_output="obj/Debug/" />
				<Option type="1" />
				<Option compiler="gcc" />
				<Compiler>
					<Add option="-m32" />
					<Add option='-I &quot;/home/joe/x86/HidDemo/&quot;' />
					<Add directory="../HidDemo" />
				</Compiler>
				<ResourceCompiler>
					<Add directory="../HidDemo" />
				</ResourceCompiler>
				<Linker>
					<Add option="-m32" />
					<Add option="-lpthread" />
					<Add option="-lusb-1.0" />
					<Add library="libSWHidApi.a" />
					<Add library="../../../../../usr/lib/i386-linux-gnu/libpthread.so" />
					<Add library="libusb-1.0.a" />
					<Add directory="../HidDemo" />
				</Linker>
			</Target>
			<Target title="Release">
				<Option output="bin/Release/HidDemo" prefix_auto="1" extension_auto="1" />
				<Option object_output="obj/Release/" />
				<Option type="1" />
				<Option compiler="gcc" />
				<Compiler>
					<Add option="-O2" />
				</Compiler>
				<Linker>
					<Add option="-s" />
				</Linker>
			</Target>
		</Build>
		<Compiler>
			<Add option="-Wall" />
			<Add option="-fexceptions" />
		</Compiler>
		<Unit filename="main.cpp" />
		<Extensions>
			<code_completion />
			<debugger />
		</Extensions>
	</Project>
</CodeBlocks_project_file>
